{
  "version": 4,
  "terraform_version": "0.12.12",
  "serial": 22,
  "lineage": "b6bc978c-62e2-bbf5-5674-3fe7b801dbb4",
  "outputs": {
    "alb_cname": {
      "value": "demo-alb-227124598.us-east-1.elb.amazonaws.com",
      "type": "string"
    },
    "ansible_command": {
      "value": "ansible-playbook -i playbook/ec2.py --limit 'tag_env_demo:\u0026tag_service_apache' -u centos --key-file=/tmp/demo.pem playbook/apache.yml -e 'apache_state=started'",
      "type": "string"
    }
  },
  "resources": [
    {
      "mode": "data",
      "type": "http",
      "name": "myip",
      "provider": "provider.http",
      "instances": [
        {
          "schema_version": 0,
          "attributes": {
            "body": "49.37.192.0",
            "id": "2020-07-19 04:51:17.970766769 +0000 UTC",
            "request_headers": null,
            "response_headers": {
              "Access-Control-Allow-Origin": "*",
              "Content-Length": "11",
              "Content-Type": "text/plain; charset=utf-8",
              "Date": "Sun, 19 Jul 2020 04:54:02 GMT",
              "Via": "1.1 google"
            },
            "url": "http://ifconfig.me"
          }
        }
      ]
    },
    {
      "mode": "data",
      "type": "template_file",
      "name": "user_data",
      "each": "list",
      "provider": "provider.template",
      "instances": [
        {
          "index_key": 0,
          "schema_version": 0,
          "attributes": {
            "filename": null,
            "id": "e3b0c44298fc1c149afbf4c8996fb92427ae41e4649b934ca495991b7852b855",
            "rendered": "",
            "template": null,
            "vars": null
          }
        }
      ]
    },
    {
      "module": "module.instance1",
      "mode": "managed",
      "type": "aws_instance",
      "name": "web",
      "provider": "provider.aws",
      "instances": [
        {
          "schema_version": 1,
          "attributes": {
            "ami": "ami-0083662ba17882949",
            "arn": "arn:aws:ec2:us-east-1:629012430765:instance/i-0116a6c42803c0d0c",
            "associate_public_ip_address": true,
            "availability_zone": "us-east-1a",
            "cpu_core_count": 1,
            "cpu_threads_per_core": 2,
            "credit_specification": [
              {
                "cpu_credits": "unlimited"
              }
            ],
            "disable_api_termination": false,
            "ebs_block_device": [],
            "ebs_optimized": false,
            "ephemeral_block_device": [],
            "get_password_data": false,
            "hibernation": false,
            "host_id": null,
            "iam_instance_profile": "",
            "id": "i-0116a6c42803c0d0c",
            "instance_initiated_shutdown_behavior": null,
            "instance_state": "running",
            "instance_type": "t3.small",
            "ipv6_address_count": 0,
            "ipv6_addresses": [],
            "key_name": "pemkey",
            "metadata_options": [
              {
                "http_endpoint": "enabled",
                "http_put_response_hop_limit": 1,
                "http_tokens": "optional"
              }
            ],
            "monitoring": false,
            "network_interface": [],
            "network_interface_id": null,
            "outpost_arn": "",
            "password_data": "",
            "placement_group": "",
            "primary_network_interface_id": "eni-0c0f7acf56ccae4c4",
            "private_dns": "ip-10-1-1-112.ec2.internal",
            "private_ip": "10.1.1.112",
            "public_dns": "",
            "public_ip": "54.174.13.38",
            "root_block_device": [
              {
                "delete_on_termination": false,
                "device_name": "/dev/sda1",
                "encrypted": false,
                "iops": 100,
                "kms_key_id": "",
                "volume_id": "vol-0a4ae5c1d04f40c16",
                "volume_size": 8,
                "volume_type": "gp2"
              }
            ],
            "security_groups": [],
            "source_dest_check": true,
            "subnet_id": "subnet-0ea34b2facb8a9ea7",
            "tags": {
              "Name": "app1",
              "env": "demo",
              "service": "apache"
            },
            "tenancy": "default",
            "timeouts": null,
            "user_data": "",
            "user_data_base64": null,
            "volume_tags": {},
            "vpc_security_group_ids": [
              "sg-07f6793df93a95676"
            ]
          },
          "private": "eyJlMmJmYjczMC1lY2FhLTExZTYtOGY4OC0zNDM2M2JjN2M0YzAiOnsiY3JlYXRlIjo2MDAwMDAwMDAwMDAsImRlbGV0ZSI6MTIwMDAwMDAwMDAwMCwidXBkYXRlIjo2MDAwMDAwMDAwMDB9LCJzY2hlbWFfdmVyc2lvbiI6IjEifQ=="
        }
      ]
    },
    {
      "module": "module.instance2",
      "mode": "managed",
      "type": "aws_instance",
      "name": "web",
      "provider": "provider.aws",
      "instances": [
        {
          "schema_version": 1,
          "attributes": {
            "ami": "ami-0083662ba17882949",
            "arn": "arn:aws:ec2:us-east-1:629012430765:instance/i-0a3351148afea8e0b",
            "associate_public_ip_address": true,
            "availability_zone": "us-east-1b",
            "cpu_core_count": 1,
            "cpu_threads_per_core": 2,
            "credit_specification": [
              {
                "cpu_credits": "unlimited"
              }
            ],
            "disable_api_termination": false,
            "ebs_block_device": [],
            "ebs_optimized": false,
            "ephemeral_block_device": [],
            "get_password_data": false,
            "hibernation": false,
            "host_id": null,
            "iam_instance_profile": "",
            "id": "i-0a3351148afea8e0b",
            "instance_initiated_shutdown_behavior": null,
            "instance_state": "running",
            "instance_type": "t3.small",
            "ipv6_address_count": 0,
            "ipv6_addresses": [],
            "key_name": "pemkey",
            "metadata_options": [
              {
                "http_endpoint": "enabled",
                "http_put_response_hop_limit": 1,
                "http_tokens": "optional"
              }
            ],
            "monitoring": false,
            "network_interface": [],
            "network_interface_id": null,
            "outpost_arn": "",
            "password_data": "",
            "placement_group": "",
            "primary_network_interface_id": "eni-0312ab812f20a0049",
            "private_dns": "ip-10-1-2-13.ec2.internal",
            "private_ip": "10.1.2.13",
            "public_dns": "",
            "public_ip": "107.22.131.36",
            "root_block_device": [
              {
                "delete_on_termination": false,
                "device_name": "/dev/sda1",
                "encrypted": false,
                "iops": 100,
                "kms_key_id": "",
                "volume_id": "vol-020bedc4c467cebd6",
                "volume_size": 8,
                "volume_type": "gp2"
              }
            ],
            "security_groups": [],
            "source_dest_check": true,
            "subnet_id": "subnet-0227b7fa8d4bb637b",
            "tags": {
              "Name": "app2",
              "env": "demo",
              "service": "apache"
            },
            "tenancy": "default",
            "timeouts": null,
            "user_data": "",
            "user_data_base64": null,
            "volume_tags": {},
            "vpc_security_group_ids": [
              "sg-07f6793df93a95676"
            ]
          },
          "private": "eyJlMmJmYjczMC1lY2FhLTExZTYtOGY4OC0zNDM2M2JjN2M0YzAiOnsiY3JlYXRlIjo2MDAwMDAwMDAwMDAsImRlbGV0ZSI6MTIwMDAwMDAwMDAwMCwidXBkYXRlIjo2MDAwMDAwMDAwMDB9LCJzY2hlbWFfdmVyc2lvbiI6IjEifQ=="
        }
      ]
    },
    {
      "module": "module.vpc",
      "mode": "managed",
      "type": "aws_internet_gateway",
      "name": "gw",
      "provider": "provider.aws",
      "instances": [
        {
          "schema_version": 0,
          "attributes": {
            "arn": "arn:aws:ec2:us-east-1:629012430765:internet-gateway/igw-01d4dcc1ad50c446f",
            "id": "igw-01d4dcc1ad50c446f",
            "owner_id": "629012430765",
            "tags": {
              "Name": "demovpc"
            },
            "vpc_id": "vpc-0e902f0896469d148"
          },
          "private": "bnVsbA==",
          "depends_on": [
            "aws_vpc.main"
          ]
        }
      ]
    },
    {
      "mode": "managed",
      "type": "aws_key_pair",
      "name": "generated_key",
      "provider": "provider.aws",
      "instances": [
        {
          "schema_version": 1,
          "attributes": {
            "arn": "arn:aws:ec2:us-east-1:629012430765:key-pair/pemkey",
            "fingerprint": "8b:71:5f:7f:cb:d0:e9:a6:ed:27:2e:0b:76:b2:54:4c",
            "id": "pemkey",
            "key_name": "pemkey",
            "key_name_prefix": null,
            "key_pair_id": "key-0ac1b05e49463b36b",
            "public_key": "ssh-rsa AAAAB3NzaC1yc2EAAAADAQABAAABAQC7YKZxluBH5qqSbfzA2UDoTlr1dg7ASR3DOraXBw8P/T18/Z13OcgUJI3x7toV73urXv8OV9pJ8IZFr1vT8y2L2gv3qmN25+I2cmXVPf3ZtteC62i4f8yo2N2so0wOiHSWdUFRENLzqxvtyAdWfMP1jdteseNVOzOWJe73uLYQwQ7A0n94A4ar6sktRtR36uWYFiR4ocSu5bvR+nJlPpULX+XeVNlufNj0h//lS4H3dR+wvB1KFkuOlSD+78pmQJL5YmSl+XP0vjXjwQJrvYBX+UXHEROdV1Mh0JQsoiqpMGysbiFKvlMHrecHHSF3ZcU4N0P0ldXBXl5hlT+GDtVr",
            "tags": {}
          },
          "private": "eyJzY2hlbWFfdmVyc2lvbiI6IjEifQ==",
          "depends_on": [
            "tls_private_key.example"
          ]
        }
      ]
    },
    {
      "module": "module.alb",
      "mode": "managed",
      "type": "aws_lb",
      "name": "this",
      "provider": "provider.aws",
      "instances": [
        {
          "schema_version": 0,
          "attributes": {
            "access_logs": [
              {
                "bucket": "",
                "enabled": false,
                "prefix": ""
              }
            ],
            "arn": "arn:aws:elasticloadbalancing:us-east-1:629012430765:loadbalancer/app/demo-alb/9feacf19fc09caac",
            "arn_suffix": "app/demo-alb/9feacf19fc09caac",
            "dns_name": "demo-alb-227124598.us-east-1.elb.amazonaws.com",
            "drop_invalid_header_fields": false,
            "enable_cross_zone_load_balancing": null,
            "enable_deletion_protection": false,
            "enable_http2": true,
            "id": "arn:aws:elasticloadbalancing:us-east-1:629012430765:loadbalancer/app/demo-alb/9feacf19fc09caac",
            "idle_timeout": 60,
            "internal": false,
            "ip_address_type": "ipv4",
            "load_balancer_type": "application",
            "name": "demo-alb",
            "name_prefix": null,
            "security_groups": [
              "sg-09e6f6e4d8cc739ee"
            ],
            "subnet_mapping": [
              {
                "allocation_id": "",
                "subnet_id": "subnet-04a09e9503bc50511"
              },
              {
                "allocation_id": "",
                "subnet_id": "subnet-083593eb3379a5967"
              }
            ],
            "subnets": [
              "subnet-04a09e9503bc50511",
              "subnet-083593eb3379a5967"
            ],
            "tags": {
              "Name": "frontend-lb",
              "env": "demo"
            },
            "timeouts": null,
            "vpc_id": "vpc-0e902f0896469d148",
            "zone_id": "Z35SXDOTRQ7X7K"
          },
          "private": "eyJlMmJmYjczMC1lY2FhLTExZTYtOGY4OC0zNDM2M2JjN2M0YzAiOnsiY3JlYXRlIjo2MDAwMDAwMDAwMDAsImRlbGV0ZSI6NjAwMDAwMDAwMDAwLCJ1cGRhdGUiOjYwMDAwMDAwMDAwMH19"
        }
      ]
    },
    {
      "module": "module.alb",
      "mode": "managed",
      "type": "aws_lb_listener",
      "name": "front_end",
      "provider": "provider.aws",
      "instances": [
        {
          "schema_version": 0,
          "attributes": {
            "arn": "arn:aws:elasticloadbalancing:us-east-1:629012430765:listener/app/demo-alb/9feacf19fc09caac/cee2771baed2e532",
            "certificate_arn": null,
            "default_action": [
              {
                "authenticate_cognito": [],
                "authenticate_oidc": [],
                "fixed_response": [],
                "forward": [],
                "order": 1,
                "redirect": [],
                "target_group_arn": "arn:aws:elasticloadbalancing:us-east-1:629012430765:targetgroup/demo-lb-tg/e421421fa3b1c45f",
                "type": "forward"
              }
            ],
            "id": "arn:aws:elasticloadbalancing:us-east-1:629012430765:listener/app/demo-alb/9feacf19fc09caac/cee2771baed2e532",
            "load_balancer_arn": "arn:aws:elasticloadbalancing:us-east-1:629012430765:loadbalancer/app/demo-alb/9feacf19fc09caac",
            "port": 80,
            "protocol": "HTTP",
            "ssl_policy": "",
            "timeouts": null
          },
          "private": "eyJlMmJmYjczMC1lY2FhLTExZTYtOGY4OC0zNDM2M2JjN2M0YzAiOnsicmVhZCI6NjAwMDAwMDAwMDAwfX0=",
          "depends_on": [
            "aws_lb.this",
            "aws_lb_target_group.app"
          ]
        }
      ]
    },
    {
      "module": "module.alb",
      "mode": "managed",
      "type": "aws_lb_target_group",
      "name": "app",
      "provider": "provider.aws",
      "instances": [
        {
          "schema_version": 0,
          "attributes": {
            "arn": "arn:aws:elasticloadbalancing:us-east-1:629012430765:targetgroup/demo-lb-tg/e421421fa3b1c45f",
            "arn_suffix": "targetgroup/demo-lb-tg/e421421fa3b1c45f",
            "deregistration_delay": 300,
            "health_check": [
              {
                "enabled": true,
                "healthy_threshold": 5,
                "interval": 30,
                "matcher": "200",
                "path": "/",
                "port": "traffic-port",
                "protocol": "HTTP",
                "timeout": 5,
                "unhealthy_threshold": 2
              }
            ],
            "id": "arn:aws:elasticloadbalancing:us-east-1:629012430765:targetgroup/demo-lb-tg/e421421fa3b1c45f",
            "lambda_multi_value_headers_enabled": false,
            "load_balancing_algorithm_type": "round_robin",
            "name": "demo-lb-tg",
            "name_prefix": null,
            "port": 80,
            "protocol": "HTTP",
            "proxy_protocol_v2": false,
            "slow_start": 0,
            "stickiness": [
              {
                "cookie_duration": 86400,
                "enabled": false,
                "type": "lb_cookie"
              }
            ],
            "tags": {},
            "target_type": "instance",
            "vpc_id": "vpc-0e902f0896469d148"
          },
          "private": "bnVsbA=="
        }
      ]
    },
    {
      "module": "module.alb",
      "mode": "managed",
      "type": "aws_lb_target_group_attachment",
      "name": "test",
      "each": "list",
      "provider": "provider.aws",
      "instances": [
        {
          "index_key": 0,
          "schema_version": 0,
          "attributes": {
            "availability_zone": null,
            "id": "arn:aws:elasticloadbalancing:us-east-1:629012430765:targetgroup/demo-lb-tg/e421421fa3b1c45f-20200719044138633200000002",
            "port": 80,
            "target_group_arn": "arn:aws:elasticloadbalancing:us-east-1:629012430765:targetgroup/demo-lb-tg/e421421fa3b1c45f",
            "target_id": "i-0116a6c42803c0d0c"
          },
          "private": "bnVsbA==",
          "depends_on": [
            "aws_lb_target_group.app"
          ]
        },
        {
          "index_key": 1,
          "schema_version": 0,
          "attributes": {
            "availability_zone": null,
            "id": "arn:aws:elasticloadbalancing:us-east-1:629012430765:targetgroup/demo-lb-tg/e421421fa3b1c45f-20200719044138472800000001",
            "port": 80,
            "target_group_arn": "arn:aws:elasticloadbalancing:us-east-1:629012430765:targetgroup/demo-lb-tg/e421421fa3b1c45f",
            "target_id": "i-0a3351148afea8e0b"
          },
          "private": "bnVsbA==",
          "depends_on": [
            "aws_lb_target_group.app"
          ]
        }
      ]
    },
    {
      "module": "module.vpc",
      "mode": "managed",
      "type": "aws_main_route_table_association",
      "name": "a",
      "provider": "provider.aws",
      "instances": [
        {
          "schema_version": 0,
          "attributes": {
            "id": "rtbassoc-056cbdf8057305a6b",
            "original_route_table_id": "rtb-0d271a031b87cf1c8",
            "route_table_id": "rtb-0e8dd6e9846377e44",
            "vpc_id": "vpc-0e902f0896469d148"
          },
          "private": "bnVsbA==",
          "depends_on": [
            "aws_route_table.r",
            "aws_vpc.main"
          ]
        }
      ]
    },
    {
      "module": "module.vpc",
      "mode": "managed",
      "type": "aws_route_table",
      "name": "r",
      "provider": "provider.aws",
      "instances": [
        {
          "schema_version": 0,
          "attributes": {
            "id": "rtb-0e8dd6e9846377e44",
            "owner_id": "629012430765",
            "propagating_vgws": [],
            "route": [
              {
                "cidr_block": "0.0.0.0/0",
                "egress_only_gateway_id": "",
                "gateway_id": "igw-01d4dcc1ad50c446f",
                "instance_id": "",
                "ipv6_cidr_block": "",
                "nat_gateway_id": "",
                "network_interface_id": "",
                "transit_gateway_id": "",
                "vpc_peering_connection_id": ""
              }
            ],
            "tags": {
              "Name": "demovpc"
            },
            "vpc_id": "vpc-0e902f0896469d148"
          },
          "private": "bnVsbA==",
          "depends_on": [
            "aws_internet_gateway.gw",
            "aws_vpc.main"
          ]
        }
      ]
    },
    {
      "mode": "managed",
      "type": "aws_security_group",
      "name": "alb_sg",
      "provider": "provider.aws",
      "instances": [
        {
          "schema_version": 1,
          "attributes": {
            "arn": "arn:aws:ec2:us-east-1:629012430765:security-group/sg-09e6f6e4d8cc739ee",
            "description": "alb_sg",
            "egress": [
              {
                "cidr_blocks": [
                  "0.0.0.0/0"
                ],
                "description": "",
                "from_port": 0,
                "ipv6_cidr_blocks": [],
                "prefix_list_ids": [],
                "protocol": "-1",
                "security_groups": [],
                "self": false,
                "to_port": 0
              }
            ],
            "id": "sg-09e6f6e4d8cc739ee",
            "ingress": [
              {
                "cidr_blocks": [
                  "0.0.0.0/0"
                ],
                "description": "80_inbound",
                "from_port": 80,
                "ipv6_cidr_blocks": [],
                "prefix_list_ids": [],
                "protocol": "tcp",
                "security_groups": [],
                "self": false,
                "to_port": 80
              }
            ],
            "name": "alb_sg",
            "name_prefix": null,
            "owner_id": "629012430765",
            "revoke_rules_on_delete": false,
            "tags": {
              "Name": "alb_sg"
            },
            "timeouts": null,
            "vpc_id": "vpc-0e902f0896469d148"
          },
          "private": "eyJlMmJmYjczMC1lY2FhLTExZTYtOGY4OC0zNDM2M2JjN2M0YzAiOnsiY3JlYXRlIjo2MDAwMDAwMDAwMDAsImRlbGV0ZSI6NjAwMDAwMDAwMDAwfSwic2NoZW1hX3ZlcnNpb24iOiIxIn0=",
          "depends_on": [
            "module.vpc"
          ]
        }
      ]
    },
    {
      "mode": "managed",
      "type": "aws_security_group",
      "name": "sg",
      "provider": "provider.aws",
      "instances": [
        {
          "schema_version": 1,
          "attributes": {
            "arn": "arn:aws:ec2:us-east-1:629012430765:security-group/sg-07f6793df93a95676",
            "description": "ec2_sg",
            "egress": [
              {
                "cidr_blocks": [
                  "0.0.0.0/0"
                ],
                "description": "",
                "from_port": 0,
                "ipv6_cidr_blocks": [],
                "prefix_list_ids": [],
                "protocol": "-1",
                "security_groups": [],
                "self": false,
                "to_port": 0
              }
            ],
            "id": "sg-07f6793df93a95676",
            "ingress": [
              {
                "cidr_blocks": [
                  "0.0.0.0/0"
                ],
                "description": "80_inbound",
                "from_port": 80,
                "ipv6_cidr_blocks": [],
                "prefix_list_ids": [],
                "protocol": "tcp",
                "security_groups": [],
                "self": false,
                "to_port": 80
              },
              {
                "cidr_blocks": [
                  "49.37.192.0/32"
                ],
                "description": "22_inbound",
                "from_port": 22,
                "ipv6_cidr_blocks": [],
                "prefix_list_ids": [],
                "protocol": "tcp",
                "security_groups": [],
                "self": false,
                "to_port": 22
              }
            ],
            "name": "ec2_sg",
            "name_prefix": null,
            "owner_id": "629012430765",
            "revoke_rules_on_delete": false,
            "tags": {
              "Name": "alb_sg"
            },
            "timeouts": null,
            "vpc_id": "vpc-0e902f0896469d148"
          },
          "private": "eyJlMmJmYjczMC1lY2FhLTExZTYtOGY4OC0zNDM2M2JjN2M0YzAiOnsiY3JlYXRlIjo2MDAwMDAwMDAwMDAsImRlbGV0ZSI6NjAwMDAwMDAwMDAwfSwic2NoZW1hX3ZlcnNpb24iOiIxIn0=",
          "depends_on": [
            "data.http.myip",
            "module.vpc"
          ]
        }
      ]
    },
    {
      "module": "module.vpc",
      "mode": "managed",
      "type": "aws_subnet",
      "name": "private_subnet",
      "each": "list",
      "provider": "provider.aws",
      "instances": [
        {
          "index_key": 0,
          "schema_version": 1,
          "attributes": {
            "arn": "arn:aws:ec2:us-east-1:629012430765:subnet/subnet-0ea34b2facb8a9ea7",
            "assign_ipv6_address_on_creation": false,
            "availability_zone": "us-east-1a",
            "availability_zone_id": "use1-az2",
            "cidr_block": "10.1.1.0/24",
            "id": "subnet-0ea34b2facb8a9ea7",
            "ipv6_cidr_block": "",
            "ipv6_cidr_block_association_id": "",
            "map_public_ip_on_launch": false,
            "outpost_arn": "",
            "owner_id": "629012430765",
            "tags": {
              "Name": "subnet"
            },
            "timeouts": null,
            "vpc_id": "vpc-0e902f0896469d148"
          },
          "private": "eyJlMmJmYjczMC1lY2FhLTExZTYtOGY4OC0zNDM2M2JjN2M0YzAiOnsiY3JlYXRlIjo2MDAwMDAwMDAwMDAsImRlbGV0ZSI6MTIwMDAwMDAwMDAwMH0sInNjaGVtYV92ZXJzaW9uIjoiMSJ9",
          "depends_on": [
            "aws_vpc.main"
          ]
        },
        {
          "index_key": 1,
          "schema_version": 1,
          "attributes": {
            "arn": "arn:aws:ec2:us-east-1:629012430765:subnet/subnet-0227b7fa8d4bb637b",
            "assign_ipv6_address_on_creation": false,
            "availability_zone": "us-east-1b",
            "availability_zone_id": "use1-az4",
            "cidr_block": "10.1.2.0/24",
            "id": "subnet-0227b7fa8d4bb637b",
            "ipv6_cidr_block": "",
            "ipv6_cidr_block_association_id": "",
            "map_public_ip_on_launch": false,
            "outpost_arn": "",
            "owner_id": "629012430765",
            "tags": {
              "Name": "subnet"
            },
            "timeouts": null,
            "vpc_id": "vpc-0e902f0896469d148"
          },
          "private": "eyJlMmJmYjczMC1lY2FhLTExZTYtOGY4OC0zNDM2M2JjN2M0YzAiOnsiY3JlYXRlIjo2MDAwMDAwMDAwMDAsImRlbGV0ZSI6MTIwMDAwMDAwMDAwMH0sInNjaGVtYV92ZXJzaW9uIjoiMSJ9",
          "depends_on": [
            "aws_vpc.main"
          ]
        }
      ]
    },
    {
      "module": "module.vpc",
      "mode": "managed",
      "type": "aws_subnet",
      "name": "public_subnet",
      "each": "list",
      "provider": "provider.aws",
      "instances": [
        {
          "index_key": 0,
          "schema_version": 1,
          "attributes": {
            "arn": "arn:aws:ec2:us-east-1:629012430765:subnet/subnet-04a09e9503bc50511",
            "assign_ipv6_address_on_creation": false,
            "availability_zone": "us-east-1a",
            "availability_zone_id": "use1-az2",
            "cidr_block": "10.1.100.0/24",
            "id": "subnet-04a09e9503bc50511",
            "ipv6_cidr_block": "",
            "ipv6_cidr_block_association_id": "",
            "map_public_ip_on_launch": false,
            "outpost_arn": "",
            "owner_id": "629012430765",
            "tags": {
              "Name": "subnet"
            },
            "timeouts": null,
            "vpc_id": "vpc-0e902f0896469d148"
          },
          "private": "eyJlMmJmYjczMC1lY2FhLTExZTYtOGY4OC0zNDM2M2JjN2M0YzAiOnsiY3JlYXRlIjo2MDAwMDAwMDAwMDAsImRlbGV0ZSI6MTIwMDAwMDAwMDAwMH0sInNjaGVtYV92ZXJzaW9uIjoiMSJ9",
          "depends_on": [
            "aws_vpc.main"
          ]
        },
        {
          "index_key": 1,
          "schema_version": 1,
          "attributes": {
            "arn": "arn:aws:ec2:us-east-1:629012430765:subnet/subnet-083593eb3379a5967",
            "assign_ipv6_address_on_creation": false,
            "availability_zone": "us-east-1b",
            "availability_zone_id": "use1-az4",
            "cidr_block": "10.1.200.0/24",
            "id": "subnet-083593eb3379a5967",
            "ipv6_cidr_block": "",
            "ipv6_cidr_block_association_id": "",
            "map_public_ip_on_launch": false,
            "outpost_arn": "",
            "owner_id": "629012430765",
            "tags": {
              "Name": "subnet"
            },
            "timeouts": null,
            "vpc_id": "vpc-0e902f0896469d148"
          },
          "private": "eyJlMmJmYjczMC1lY2FhLTExZTYtOGY4OC0zNDM2M2JjN2M0YzAiOnsiY3JlYXRlIjo2MDAwMDAwMDAwMDAsImRlbGV0ZSI6MTIwMDAwMDAwMDAwMH0sInNjaGVtYV92ZXJzaW9uIjoiMSJ9",
          "depends_on": [
            "aws_vpc.main"
          ]
        }
      ]
    },
    {
      "module": "module.vpc",
      "mode": "managed",
      "type": "aws_vpc",
      "name": "main",
      "provider": "provider.aws",
      "instances": [
        {
          "schema_version": 1,
          "attributes": {
            "arn": "arn:aws:ec2:us-east-1:629012430765:vpc/vpc-0e902f0896469d148",
            "assign_generated_ipv6_cidr_block": false,
            "cidr_block": "10.1.0.0/16",
            "default_network_acl_id": "acl-0cfac61e6516ec8be",
            "default_route_table_id": "rtb-0e8dd6e9846377e44",
            "default_security_group_id": "sg-017febe239fabc561",
            "dhcp_options_id": "dopt-0f910611c937fc9a3",
            "enable_classiclink": false,
            "enable_classiclink_dns_support": false,
            "enable_dns_hostnames": false,
            "enable_dns_support": true,
            "id": "vpc-0e902f0896469d148",
            "instance_tenancy": "default",
            "ipv6_association_id": "",
            "ipv6_cidr_block": "",
            "main_route_table_id": "rtb-0e8dd6e9846377e44",
            "owner_id": "629012430765",
            "tags": {
              "Name": "demovpc"
            }
          },
          "private": "eyJzY2hlbWFfdmVyc2lvbiI6IjEifQ=="
        }
      ]
    },
    {
      "mode": "managed",
      "type": "local_file",
      "name": "public_key_openssh",
      "provider": "provider.local",
      "instances": [
        {
          "schema_version": 0,
          "attributes": {
            "content": "-----BEGIN RSA PRIVATE KEY-----\nMIIEogIBAAKCAQEAu2CmcZbgR+aqkm38wNlA6E5a9XYOwEkdwzq2lwcPD/09fP2d\ndznIFCSN8e7aFe97q17/DlfaSfCGRa9b0/Mti9oL96pjdufiNnJl1T392bbXguto\nuH/MqNjdrKNMDoh0lnVBURDS86sb7cgHVnzD9Y3bXrHjVTszliXu97i2EMEOwNJ/\neAOGq+rJLUbUd+rlmBYkeKHEruW70fpyZT6VC1/l3lTZbnzY9If/5UuB93UfsLwd\nShZLjpUg/u/KZkCS+WJkpflz9L4148ECa72AV/lFxxETnVdTIdCULKIqqTBsrG4h\nSr5TB63nBx0hd2XFODdD9JXVwV5eYZU/hg7VawIDAQABAoIBADP5EPG8yaTn5DQN\ncegD2q8U3MHs5xaKsUivhmnJuXHT6jQ7HGwviMGdigmrGK6w6HqWNOTDlXag0n2N\nsEjP0LhT2LHvfvtCQkqb3IcTVNAImSplJXzXZesHjCUQfk4hp0T8bQuRQRH5Shvg\nObjRjoETwd84NDg13Y8uImRvxYBLsmTFoAc+Fn994Kl/ma7Kt//7H2nce2aA1+mv\n4CbKTH8eWoH+u/zzAQHR6Z/Ok+4hNcD1AH+r+75cYkgA2Xe2yW0I9GhaxCiFxSY/\nYAJIySrBdDzreDpr3pFfwLNdgtZcLLGWnLwIHvBW5dDaX3z/4pfNRizTNAKkG13K\nLCtKcIECgYEAybpYnUFSq0fy8yXen7VUF0gJF+B69TrR1batFcfN3heQOfCSGe6v\nJzjWn1X6g1++B0PwL9C/ndMBJHrbi8/KYQLZ9+NYW5vxKFWQx9aMKwfnEQNEyZ7w\ndSDgTVEFxRZkY93TXibozv6spsQ8HlrjrOpVCMfaJI78cueuEhdNn4sCgYEA7cny\ngcocD2QE5yJqGtBUEdg+2uVT4t/Aqae2VqJrWFK356K1kQ7fU6W9Gh7ueU0zR9Ns\nK9LmP6CX5HTwJKrLPXxCYlIImP2Zy6zTVYOiV7adTbbuKA4sYX4o46RKQxmkIvn9\nZQ6HUEJ+awx859sIAF4b8YT8WW8bR5SGvOrYXaECgYBUzQ8/XByCgEZzTHIftTxa\nZR/dd7J4sHdRXe+4/jtep40rriPc3ueml1AxvxUGcRMTPs4Ta6+Bixgp27O7PGiZ\nC3fRqzKToCRqjj3EpD5cQIA0OKmMEFKJCn8AQZUpWtZs3O1j4PtxOMIfgNK89/xJ\nzmBcxpa/U5RwQVB9rmolLQKBgGEL6YBU9yzE2kdmwT0eRyFdSxHVRG40eZIEE6O5\n9+t9HvdXbZi9JCIkY1AUzakN+97Vh7E/Cp9vMG6Z1yRv3DDE1OcBqeaeobUBXOLq\nrUf1DLAZ94q7dht3/MIjW/eUsGth8avbyRfVe3i/CP8rYlGcFvV0G/V4Jf8JvA/A\nHPvhAoGAPB1rs1yG3kl3MDXROpXuWUVwSTVwxhaD9K7lcNeuJlkjvu2kJJZmGnfW\nMnt9sXMfKlMlMdykjbXSDUdg03H0lLGZyx4APCj6YIUjIwe07WnrX2U30sC2wQod\n5d6oJisJOznG66ZUiUEEvE2uY/vqbNRiLpttb770JqgmNzw6KT4=\n-----END RSA PRIVATE KEY-----\n",
            "content_base64": null,
            "directory_permission": "0777",
            "file_permission": "0400",
            "filename": "/tmp/demo.pem",
            "id": "0c7f3f48085daba8b54641b0937af498801f3e28",
            "sensitive_content": null
          },
          "private": "bnVsbA==",
          "depends_on": [
            "tls_private_key.example"
          ]
        }
      ]
    },
    {
      "mode": "managed",
      "type": "tls_private_key",
      "name": "example",
      "provider": "provider.tls",
      "instances": [
        {
          "schema_version": 0,
          "attributes": {
            "algorithm": "RSA",
            "ecdsa_curve": "P224",
            "id": "aedc245b00326e584eb28e48165f264c9ac82b8b",
            "private_key_pem": "-----BEGIN RSA PRIVATE KEY-----\nMIIEogIBAAKCAQEAu2CmcZbgR+aqkm38wNlA6E5a9XYOwEkdwzq2lwcPD/09fP2d\ndznIFCSN8e7aFe97q17/DlfaSfCGRa9b0/Mti9oL96pjdufiNnJl1T392bbXguto\nuH/MqNjdrKNMDoh0lnVBURDS86sb7cgHVnzD9Y3bXrHjVTszliXu97i2EMEOwNJ/\neAOGq+rJLUbUd+rlmBYkeKHEruW70fpyZT6VC1/l3lTZbnzY9If/5UuB93UfsLwd\nShZLjpUg/u/KZkCS+WJkpflz9L4148ECa72AV/lFxxETnVdTIdCULKIqqTBsrG4h\nSr5TB63nBx0hd2XFODdD9JXVwV5eYZU/hg7VawIDAQABAoIBADP5EPG8yaTn5DQN\ncegD2q8U3MHs5xaKsUivhmnJuXHT6jQ7HGwviMGdigmrGK6w6HqWNOTDlXag0n2N\nsEjP0LhT2LHvfvtCQkqb3IcTVNAImSplJXzXZesHjCUQfk4hp0T8bQuRQRH5Shvg\nObjRjoETwd84NDg13Y8uImRvxYBLsmTFoAc+Fn994Kl/ma7Kt//7H2nce2aA1+mv\n4CbKTH8eWoH+u/zzAQHR6Z/Ok+4hNcD1AH+r+75cYkgA2Xe2yW0I9GhaxCiFxSY/\nYAJIySrBdDzreDpr3pFfwLNdgtZcLLGWnLwIHvBW5dDaX3z/4pfNRizTNAKkG13K\nLCtKcIECgYEAybpYnUFSq0fy8yXen7VUF0gJF+B69TrR1batFcfN3heQOfCSGe6v\nJzjWn1X6g1++B0PwL9C/ndMBJHrbi8/KYQLZ9+NYW5vxKFWQx9aMKwfnEQNEyZ7w\ndSDgTVEFxRZkY93TXibozv6spsQ8HlrjrOpVCMfaJI78cueuEhdNn4sCgYEA7cny\ngcocD2QE5yJqGtBUEdg+2uVT4t/Aqae2VqJrWFK356K1kQ7fU6W9Gh7ueU0zR9Ns\nK9LmP6CX5HTwJKrLPXxCYlIImP2Zy6zTVYOiV7adTbbuKA4sYX4o46RKQxmkIvn9\nZQ6HUEJ+awx859sIAF4b8YT8WW8bR5SGvOrYXaECgYBUzQ8/XByCgEZzTHIftTxa\nZR/dd7J4sHdRXe+4/jtep40rriPc3ueml1AxvxUGcRMTPs4Ta6+Bixgp27O7PGiZ\nC3fRqzKToCRqjj3EpD5cQIA0OKmMEFKJCn8AQZUpWtZs3O1j4PtxOMIfgNK89/xJ\nzmBcxpa/U5RwQVB9rmolLQKBgGEL6YBU9yzE2kdmwT0eRyFdSxHVRG40eZIEE6O5\n9+t9HvdXbZi9JCIkY1AUzakN+97Vh7E/Cp9vMG6Z1yRv3DDE1OcBqeaeobUBXOLq\nrUf1DLAZ94q7dht3/MIjW/eUsGth8avbyRfVe3i/CP8rYlGcFvV0G/V4Jf8JvA/A\nHPvhAoGAPB1rs1yG3kl3MDXROpXuWUVwSTVwxhaD9K7lcNeuJlkjvu2kJJZmGnfW\nMnt9sXMfKlMlMdykjbXSDUdg03H0lLGZyx4APCj6YIUjIwe07WnrX2U30sC2wQod\n5d6oJisJOznG66ZUiUEEvE2uY/vqbNRiLpttb770JqgmNzw6KT4=\n-----END RSA PRIVATE KEY-----\n",
            "public_key_fingerprint_md5": "da:5e:4e:38:25:84:5e:b1:94:8f:61:58:aa:87:27:d7",
            "public_key_openssh": "ssh-rsa AAAAB3NzaC1yc2EAAAADAQABAAABAQC7YKZxluBH5qqSbfzA2UDoTlr1dg7ASR3DOraXBw8P/T18/Z13OcgUJI3x7toV73urXv8OV9pJ8IZFr1vT8y2L2gv3qmN25+I2cmXVPf3ZtteC62i4f8yo2N2so0wOiHSWdUFRENLzqxvtyAdWfMP1jdteseNVOzOWJe73uLYQwQ7A0n94A4ar6sktRtR36uWYFiR4ocSu5bvR+nJlPpULX+XeVNlufNj0h//lS4H3dR+wvB1KFkuOlSD+78pmQJL5YmSl+XP0vjXjwQJrvYBX+UXHEROdV1Mh0JQsoiqpMGysbiFKvlMHrecHHSF3ZcU4N0P0ldXBXl5hlT+GDtVr\n",
            "public_key_pem": "-----BEGIN PUBLIC KEY-----\nMIIBIjANBgkqhkiG9w0BAQEFAAOCAQ8AMIIBCgKCAQEAu2CmcZbgR+aqkm38wNlA\n6E5a9XYOwEkdwzq2lwcPD/09fP2ddznIFCSN8e7aFe97q17/DlfaSfCGRa9b0/Mt\ni9oL96pjdufiNnJl1T392bbXgutouH/MqNjdrKNMDoh0lnVBURDS86sb7cgHVnzD\n9Y3bXrHjVTszliXu97i2EMEOwNJ/eAOGq+rJLUbUd+rlmBYkeKHEruW70fpyZT6V\nC1/l3lTZbnzY9If/5UuB93UfsLwdShZLjpUg/u/KZkCS+WJkpflz9L4148ECa72A\nV/lFxxETnVdTIdCULKIqqTBsrG4hSr5TB63nBx0hd2XFODdD9JXVwV5eYZU/hg7V\nawIDAQAB\n-----END PUBLIC KEY-----\n",
            "rsa_bits": 2048
          },
          "private": "bnVsbA=="
        }
      ]
    }
  ]
}
